
Microsoft Visual Studio Solution File, Format Version 12.00
# Visual Studio Version 17
VisualStudioVersion = 17.9.34701.34
MinimumVisualStudioVersion = 10.0.40219.1
Project("{FAE04EC0-301F-11D3-BF4B-00C04F79EFBC}") = "Thread-Files", "Thread-Files\Thread-Files.csproj", "{D5F416CF-370E-498D-B085-3DBB622AAB9B}"
EndProject
Global
	GlobalSection(SolutionConfigurationPlatforms) = preSolution
		Debug|Any CPU = Debug|Any CPU
		Release|Any CPU = Release|Any CPU
	EndGlobalSection
	GlobalSection(ProjectConfigurationPlatforms) = postSolution
		{D5F416CF-370E-498D-B085-3DBB622AAB9B}.Debug|Any CPU.ActiveCfg = Debug|Any CPU
		{D5F416CF-370E-498D-B085-3DBB622AAB9B}.Debug|Any CPU.Build.0 = Debug|Any CPU
		{D5F416CF-370E-498D-B085-3DBB622AAB9B}.Release|Any CPU.ActiveCfg = Release|Any CPU
		{D5F416CF-370E-498D-B085-3DBB622AAB9B}.Release|Any CPU.Build.0 = Release|Any CPU
	EndGlobalSection
	GlobalSection(SolutionProperties) = preSolution
		HideSolutionNode = FALSE
	EndGlobalSection
	GlobalSection(ExtensibilityGlobals) = postSolution
		SolutionGuid = {3D8CB637-C3C7-4065-8069-F51C854FAADA}
	EndGlobalSection
EndGlobal
